
Microsoft Visual Studio Solution File, Format Version 12.00
# Visual Studio 15
VisualStudioVersion = 15.0.27130.2027
MinimumVisualStudioVersion = 10.0.40219.1
Project("{8BC9CEB8-8B4A-11D0-8D11-00A0C91BC942}") = "3011번", "3011번\3011번.vcxproj", "{68ECC042-BAF2-49A6-BC8C-34EEFBF41F74}"
EndProject
Project("{8BC9CEB8-8B4A-11D0-8D11-00A0C91BC942}") = "test", "test\test.vcxproj", "{BF2FD938-CA74-4D24-820D-887087AEF9AB}"
EndProject
Global
	GlobalSection(SolutionConfigurationPlatforms) = preSolution
		Debug|x64 = Debug|x64
		Debug|x86 = Debug|x86
		Release|x64 = Release|x64
		Release|x86 = Release|x86
	EndGlobalSection
	GlobalSection(ProjectConfigurationPlatforms) = postSolution
		{68ECC042-BAF2-49A6-BC8C-34EEFBF41F74}.Debug|x64.ActiveCfg = Debug|x64
		{68ECC042-BAF2-49A6-BC8C-34EEFBF41F74}.Debug|x64.Build.0 = Debug|x64
		{68ECC042-BAF2-49A6-BC8C-34EEFBF41F74}.Debug|x86.ActiveCfg = Debug|Win32
		{68ECC042-BAF2-49A6-BC8C-34EEFBF41F74}.Debug|x86.Build.0 = Debug|Win32
		{68ECC042-BAF2-49A6-BC8C-34EEFBF41F74}.Release|x64.ActiveCfg = Release|x64
		{68ECC042-BAF2-49A6-BC8C-34EEFBF41F74}.Release|x64.Build.0 = Release|x64
		{68ECC042-BAF2-49A6-BC8C-34EEFBF41F74}.Release|x86.ActiveCfg = Release|Win32
		{68ECC042-BAF2-49A6-BC8C-34EEFBF41F74}.Release|x86.Build.0 = Release|Win32
		{BF2FD938-CA74-4D24-820D-887087AEF9AB}.Debug|x64.ActiveCfg = Debug|x64
		{BF2FD938-CA74-4D24-820D-887087AEF9AB}.Debug|x64.Build.0 = Debug|x64
		{BF2FD938-CA74-4D24-820D-887087AEF9AB}.Debug|x86.ActiveCfg = Debug|Win32
		{BF2FD938-CA74-4D24-820D-887087AEF9AB}.Debug|x86.Build.0 = Debug|Win32
		{BF2FD938-CA74-4D24-820D-887087AEF9AB}.Release|x64.ActiveCfg = Release|x64
		{BF2FD938-CA74-4D24-820D-887087AEF9AB}.Release|x64.Build.0 = Release|x64
		{BF2FD938-CA74-4D24-820D-887087AEF9AB}.Release|x86.ActiveCfg = Release|Win32
		{BF2FD938-CA74-4D24-820D-887087AEF9AB}.Release|x86.Build.0 = Release|Win32
	EndGlobalSection
	GlobalSection(SolutionProperties) = preSolution
		HideSolutionNode = FALSE
	EndGlobalSection
	GlobalSection(ExtensibilityGlobals) = postSolution
		SolutionGuid = {B9A3CEC2-8BBD-4E79-936E-8176B2AE74E8}
	EndGlobalSection
EndGlobal
